apiVersion: security.k8smgmt.io/v3
kind: NamespaceNetworkPolicyRule
metadata:
  name: xwing-block
  project: giri
spec:
  artifact:
    artifact:
      paths:
      - name: file://artifacts/xwing-block/xwing-block-rule.yaml
    options: {}
    type: Yaml
  sharing:
    enabled: false
  version: version11
